
Microsoft Visual Studio Solution File, Format Version 12.00
# Visual Studio Version 16
VisualStudioVersion = 16.0.30804.86
MinimumVisualStudioVersion = 10.0.40219.1
Project("{FAE04EC0-301F-11D3-BF4B-00C04F79EFBC}") = "Get-Users", "Get-Users.csproj", "{FF68E92A-8DFF-4960-AFB4-DD82E091952A}"
EndProject
Global
	GlobalSection(SolutionConfigurationPlatforms) = preSolution
		Debug|Any CPU = Debug|Any CPU
		Release|Any CPU = Release|Any CPU
	EndGlobalSection
	GlobalSection(ProjectConfigurationPlatforms) = postSolution
		{FF68E92A-8DFF-4960-AFB4-DD82E091952A}.Debug|Any CPU.ActiveCfg = Debug|Any CPU
		{FF68E92A-8DFF-4960-AFB4-DD82E091952A}.Debug|Any CPU.Build.0 = Debug|Any CPU
		{FF68E92A-8DFF-4960-AFB4-DD82E091952A}.Release|Any CPU.ActiveCfg = Release|Any CPU
		{FF68E92A-8DFF-4960-AFB4-DD82E091952A}.Release|Any CPU.Build.0 = Release|Any CPU
	EndGlobalSection
	GlobalSection(SolutionProperties) = preSolution
		HideSolutionNode = FALSE
	EndGlobalSection
	GlobalSection(ExtensibilityGlobals) = postSolution
		SolutionGuid = {05541DDD-00E4-4275-9AD2-E4DAF632C925}
	EndGlobalSection
EndGlobal
