
Microsoft Visual Studio Solution File, Format Version 12.00
# Visual Studio Version 16
VisualStudioVersion = 16.0.30804.86
MinimumVisualStudioVersion = 10.0.40219.1
Project("{FAE04EC0-301F-11D3-BF4B-00C04F79EFBC}") = "GetAllUsersToXL", "GetAllUsersToXL.csproj", "{0EC9BFE7-E55A-449F-A935-6493E2CA3560}"
EndProject
Global
	GlobalSection(SolutionConfigurationPlatforms) = preSolution
		Debug|Any CPU = Debug|Any CPU
		Release|Any CPU = Release|Any CPU
	EndGlobalSection
	GlobalSection(ProjectConfigurationPlatforms) = postSolution
		{0EC9BFE7-E55A-449F-A935-6493E2CA3560}.Debug|Any CPU.ActiveCfg = Debug|Any CPU
		{0EC9BFE7-E55A-449F-A935-6493E2CA3560}.Debug|Any CPU.Build.0 = Debug|Any CPU
		{0EC9BFE7-E55A-449F-A935-6493E2CA3560}.Release|Any CPU.ActiveCfg = Release|Any CPU
		{0EC9BFE7-E55A-449F-A935-6493E2CA3560}.Release|Any CPU.Build.0 = Release|Any CPU
	EndGlobalSection
	GlobalSection(SolutionProperties) = preSolution
		HideSolutionNode = FALSE
	EndGlobalSection
	GlobalSection(ExtensibilityGlobals) = postSolution
		SolutionGuid = {4F9FCC2B-398C-4B4E-84AB-556DC961D838}
	EndGlobalSection
EndGlobal
