
Microsoft Visual Studio Solution File, Format Version 12.00
# Visual Studio Version 16
VisualStudioVersion = 16.0.30804.86
MinimumVisualStudioVersion = 10.0.40219.1
Project("{FAE04EC0-301F-11D3-BF4B-00C04F79EFBC}") = "Get Users From Group", "Get Users From Group.csproj", "{74A50DC6-26FD-4BF4-ABE5-5B3568E2B4BF}"
EndProject
Global
	GlobalSection(SolutionConfigurationPlatforms) = preSolution
		Debug|Any CPU = Debug|Any CPU
		Release|Any CPU = Release|Any CPU
	EndGlobalSection
	GlobalSection(ProjectConfigurationPlatforms) = postSolution
		{74A50DC6-26FD-4BF4-ABE5-5B3568E2B4BF}.Debug|Any CPU.ActiveCfg = Debug|Any CPU
		{74A50DC6-26FD-4BF4-ABE5-5B3568E2B4BF}.Debug|Any CPU.Build.0 = Debug|Any CPU
		{74A50DC6-26FD-4BF4-ABE5-5B3568E2B4BF}.Release|Any CPU.ActiveCfg = Release|Any CPU
		{74A50DC6-26FD-4BF4-ABE5-5B3568E2B4BF}.Release|Any CPU.Build.0 = Release|Any CPU
	EndGlobalSection
	GlobalSection(SolutionProperties) = preSolution
		HideSolutionNode = FALSE
	EndGlobalSection
	GlobalSection(ExtensibilityGlobals) = postSolution
		SolutionGuid = {66B20AF7-3849-4E01-B8B4-945D7DE7DDE4}
	EndGlobalSection
EndGlobal
