
Microsoft Visual Studio Solution File, Format Version 12.00
# Visual Studio Version 16
VisualStudioVersion = 16.0.30804.86
MinimumVisualStudioVersion = 10.0.40219.1
Project("{FAE04EC0-301F-11D3-BF4B-00C04F79EFBC}") = "Get Al Projects", "Get Al Projects.csproj", "{761C2326-C1EA-46B3-BFB5-EB26EF7655BF}"
EndProject
Global
	GlobalSection(SolutionConfigurationPlatforms) = preSolution
		Debug|Any CPU = Debug|Any CPU
		Release|Any CPU = Release|Any CPU
	EndGlobalSection
	GlobalSection(ProjectConfigurationPlatforms) = postSolution
		{761C2326-C1EA-46B3-BFB5-EB26EF7655BF}.Debug|Any CPU.ActiveCfg = Debug|Any CPU
		{761C2326-C1EA-46B3-BFB5-EB26EF7655BF}.Debug|Any CPU.Build.0 = Debug|Any CPU
		{761C2326-C1EA-46B3-BFB5-EB26EF7655BF}.Release|Any CPU.ActiveCfg = Release|Any CPU
		{761C2326-C1EA-46B3-BFB5-EB26EF7655BF}.Release|Any CPU.Build.0 = Release|Any CPU
	EndGlobalSection
	GlobalSection(SolutionProperties) = preSolution
		HideSolutionNode = FALSE
	EndGlobalSection
	GlobalSection(ExtensibilityGlobals) = postSolution
		SolutionGuid = {4A17B23D-6C4F-45DC-A851-95723AECBC96}
	EndGlobalSection
EndGlobal
