
Microsoft Visual Studio Solution File, Format Version 12.00
# Visual Studio Version 16
VisualStudioVersion = 16.0.30804.86
MinimumVisualStudioVersion = 10.0.40219.1
Project("{FAE04EC0-301F-11D3-BF4B-00C04F79EFBC}") = "Test5-Pick Jira Items", "Test5-Pick Jira Items.csproj", "{3F0AEB73-875C-4846-86E0-1240752ADB3A}"
EndProject
Global
	GlobalSection(SolutionConfigurationPlatforms) = preSolution
		Debug|Any CPU = Debug|Any CPU
		Release|Any CPU = Release|Any CPU
	EndGlobalSection
	GlobalSection(ProjectConfigurationPlatforms) = postSolution
		{3F0AEB73-875C-4846-86E0-1240752ADB3A}.Debug|Any CPU.ActiveCfg = Debug|Any CPU
		{3F0AEB73-875C-4846-86E0-1240752ADB3A}.Debug|Any CPU.Build.0 = Debug|Any CPU
		{3F0AEB73-875C-4846-86E0-1240752ADB3A}.Release|Any CPU.ActiveCfg = Release|Any CPU
		{3F0AEB73-875C-4846-86E0-1240752ADB3A}.Release|Any CPU.Build.0 = Release|Any CPU
	EndGlobalSection
	GlobalSection(SolutionProperties) = preSolution
		HideSolutionNode = FALSE
	EndGlobalSection
	GlobalSection(ExtensibilityGlobals) = postSolution
		SolutionGuid = {CA2A09E0-477C-49E0-B121-116EAC5C8EF6}
	EndGlobalSection
EndGlobal
