
Microsoft Visual Studio Solution File, Format Version 12.00
# Visual Studio Version 16
VisualStudioVersion = 16.0.30804.86
MinimumVisualStudioVersion = 10.0.40219.1
Project("{FAE04EC0-301F-11D3-BF4B-00C04F79EFBC}") = "GetAllUsersDetail", "GetAllUsersDetail.csproj", "{133D819F-042B-47FF-B9A6-D2C914C403F1}"
EndProject
Global
	GlobalSection(SolutionConfigurationPlatforms) = preSolution
		Debug|Any CPU = Debug|Any CPU
		Release|Any CPU = Release|Any CPU
	EndGlobalSection
	GlobalSection(ProjectConfigurationPlatforms) = postSolution
		{133D819F-042B-47FF-B9A6-D2C914C403F1}.Debug|Any CPU.ActiveCfg = Debug|Any CPU
		{133D819F-042B-47FF-B9A6-D2C914C403F1}.Debug|Any CPU.Build.0 = Debug|Any CPU
		{133D819F-042B-47FF-B9A6-D2C914C403F1}.Release|Any CPU.ActiveCfg = Release|Any CPU
		{133D819F-042B-47FF-B9A6-D2C914C403F1}.Release|Any CPU.Build.0 = Release|Any CPU
	EndGlobalSection
	GlobalSection(SolutionProperties) = preSolution
		HideSolutionNode = FALSE
	EndGlobalSection
	GlobalSection(ExtensibilityGlobals) = postSolution
		SolutionGuid = {808F1780-ECD3-46F3-B2FB-F15397953126}
	EndGlobalSection
EndGlobal
